{
  "name": "stripeReactProject",
  "lockfileVersion": 3,
  "requires": true,
  "packages": {
    "": {
      "dependencies": {
        "@react-google-maps/api": "^2.20.3",
        "@types/react": "^18.3.11",
        "@types/react-dom": "^18.3.1"
      },
      "devDependencies": {
        "sass-embedded": "^1.79.5"
      }
    },
    "node_modules/@bufbuild/protobuf": {
      "version": "2.2.0",
      "resolved": "https://registry.npmjs.org/@bufbuild/protobuf/-/protobuf-2.2.0.tgz",
      "integrity": "sha512-+imAQkHf7U/Rwvu0wk1XWgsP3WnpCWmK7B48f0XqSNzgk64+grljTKC7pnO/xBiEMUziF7vKRfbBnOQhg126qQ==",
      "dev": true
    },
    "node_modules/@googlemaps/js-api-loader": {
      "version": "1.16.8",
      "resolved": "https://registry.npmjs.org/@googlemaps/js-api-loader/-/js-api-loader-1.16.8.tgz",
      "integrity": "sha512-CROqqwfKotdO6EBjZO/gQGVTbeDps5V7Mt9+8+5Q+jTg5CRMi3Ii/L9PmV3USROrt2uWxtGzJHORmByxyo9pSQ=="
    },
    "node_modules/@googlemaps/markerclusterer": {
      "version": "2.5.3",
      "resolved": "https://registry.npmjs.org/@googlemaps/markerclusterer/-/markerclusterer-2.5.3.tgz",
      "integrity": "sha512-x7lX0R5yYOoiNectr10wLgCBasNcXFHiADIBdmn7jQllF2B5ENQw5XtZK+hIw4xnV0Df0xhN4LN98XqA5jaiOw==",
      "dependencies": {
        "fast-deep-equal": "^3.1.3",
        "supercluster": "^8.0.1"
      }
    },
    "node_modules/@react-google-maps/api": {
      "version": "2.20.3",
      "resolved": "https://registry.npmjs.org/@react-google-maps/api/-/api-2.20.3.tgz",
      "integrity": "sha512-ndXC8nZDPT78nCceZnftGSvA/iVhwx2XhlfEYaoUy2biGelhrE2vDzjyTuZhb4RV+bVYpd4LkIf3hzyxAFd+Qg==",
      "dependencies": {
        "@googlemaps/js-api-loader": "1.16.8",
        "@googlemaps/markerclusterer": "2.5.3",
        "@react-google-maps/infobox": "2.20.0",
        "@react-google-maps/marker-clusterer": "2.20.0",
        "@types/google.maps": "3.58.1",
        "invariant": "2.2.4"
      },
      "peerDependencies": {
        "react": "^16.8 || ^17 || ^18",
        "react-dom": "^16.8 || ^17 || ^18"
      }
    },
    "node_modules/@react-google-maps/infobox": {
      "version": "2.20.0",
      "resolved": "https://registry.npmjs.org/@react-google-maps/infobox/-/infobox-2.20.0.tgz",
      "integrity": "sha512-03PJHjohhaVLkX6+NHhlr8CIlvUxWaXhryqDjyaZ8iIqqix/nV8GFdz9O3m5OsjtxtNho09F/15j14yV0nuyLQ=="
    },
    "node_modules/@react-google-maps/marker-clusterer": {
      "version": "2.20.0",
      "resolved": "https://registry.npmjs.org/@react-google-maps/marker-clusterer/-/marker-clusterer-2.20.0.tgz",
      "integrity": "sha512-tieX9Va5w1yP88vMgfH1pHTacDQ9TgDTjox3tLlisKDXRQWdjw+QeVVghhf5XqqIxXHgPdcGwBvKY6UP+SIvLw=="
    },
    "node_modules/@types/google.maps": {
      "version": "3.58.1",
      "resolved": "https://registry.npmjs.org/@types/google.maps/-/google.maps-3.58.1.tgz",
      "integrity": "sha512-X9QTSvGJ0nCfMzYOnaVs/k6/4L+7F5uCS+4iUmkLEls6J9S/Phv+m/i3mDeyc49ZBgwab3EFO1HEoBY7k98EGQ=="
    },
    "node_modules/@types/prop-types": {
      "version": "15.7.13",
      "resolved": "https://registry.npmjs.org/@types/prop-types/-/prop-types-15.7.13.tgz",
      "integrity": "sha512-hCZTSvwbzWGvhqxp/RqVqwU999pBf2vp7hzIjiYOsl8wqOmUxkQ6ddw1cV3l8811+kdUFus/q4d1Y3E3SyEifA=="
    },
    "node_modules/@types/react": {
      "version": "18.3.11",
      "resolved": "https://registry.npmjs.org/@types/react/-/react-18.3.11.tgz",
      "integrity": "sha512-r6QZ069rFTjrEYgFdOck1gK7FLVsgJE7tTz0pQBczlBNUhBNk0MQH4UbnFSwjpQLMkLzgqvBBa+qGpLje16eTQ==",
      "dependencies": {
        "@types/prop-types": "*",
        "csstype": "^3.0.2"
      }
    },
    "node_modules/@types/react-dom": {
      "version": "18.3.1",
      "resolved": "https://registry.npmjs.org/@types/react-dom/-/react-dom-18.3.1.tgz",
      "integrity": "sha512-qW1Mfv8taImTthu4KoXgDfLuk4bydU6Q/TkADnDWWHwi4NX4BR+LWfTp2sVmTqRrsHvyDDTelgelxJ+SsejKKQ==",
      "dependencies": {
        "@types/react": "*"
      }
    },
    "node_modules/buffer-builder": {
      "version": "0.2.0",
      "resolved": "https://registry.npmjs.org/buffer-builder/-/buffer-builder-0.2.0.tgz",
      "integrity": "sha512-7VPMEPuYznPSoR21NE1zvd2Xna6c/CloiZCfcMXR1Jny6PjX0N4Nsa38zcBFo/FMK+BlA+FLKbJCQ0i2yxp+Xg==",
      "dev": true
    },
    "node_modules/colorjs.io": {
      "version": "0.5.2",
      "resolved": "https://registry.npmjs.org/colorjs.io/-/colorjs.io-0.5.2.tgz",
      "integrity": "sha512-twmVoizEW7ylZSN32OgKdXRmo1qg+wT5/6C3xu5b9QsWzSFAhHLn2xd8ro0diCsKfCj1RdaTP/nrcW+vAoQPIw==",
      "dev": true
    },
    "node_modules/csstype": {
      "version": "3.1.3",
      "resolved": "https://registry.npmjs.org/csstype/-/csstype-3.1.3.tgz",
      "integrity": "sha512-M1uQkMl8rQK/szD0LNhtqxIPLpimGm8sOBwU7lLnCpSbTyY3yeU1Vc7l4KT5zT4s/yOxHH5O7tIuuLOCnLADRw=="
    },
    "node_modules/fast-deep-equal": {
      "version": "3.1.3",
      "resolved": "https://registry.npmjs.org/fast-deep-equal/-/fast-deep-equal-3.1.3.tgz",
      "integrity": "sha512-f3qQ9oQy9j2AhBe/H9VC91wLmKBCCU/gDOnKNAYG5hswO7BLKj09Hc5HYNz9cGI++xlpDCIgDaitVs03ATR84Q=="
    },
    "node_modules/has-flag": {
      "version": "4.0.0",
      "resolved": "https://registry.npmjs.org/has-flag/-/has-flag-4.0.0.tgz",
      "integrity": "sha512-EykJT/Q1KjTWctppgIAgfSO0tKVuZUjhgMr17kqTumMl6Afv3EISleU7qZUzoXDFTAHTDC4NOoG/ZxU3EvlMPQ==",
      "dev": true,
      "engines": {
        "node": ">=8"
      }
    },
    "node_modules/immutable": {
      "version": "4.3.7",
      "resolved": "https://registry.npmjs.org/immutable/-/immutable-4.3.7.tgz",
      "integrity": "sha512-1hqclzwYwjRDFLjcFxOM5AYkkG0rpFPpr1RLPMEuGczoS7YA8gLhy8SWXYRAA/XwfEHpfo3cw5JGioS32fnMRw==",
      "dev": true
    },
    "node_modules/invariant": {
      "version": "2.2.4",
      "resolved": "https://registry.npmjs.org/invariant/-/invariant-2.2.4.tgz",
      "integrity": "sha512-phJfQVBuaJM5raOpJjSfkiD6BpbCE4Ns//LaXl6wGYtUBY83nWS6Rf9tXm2e8VaK60JEjYldbPif/A2B1C2gNA==",
      "dependencies": {
        "loose-envify": "^1.0.0"
      }
    },
    "node_modules/js-tokens": {
      "version": "4.0.0",
      "resolved": "https://registry.npmjs.org/js-tokens/-/js-tokens-4.0.0.tgz",
      "integrity": "sha512-RdJUflcE3cUzKiMqQgsCu06FPu9UdIJO0beYbPhHN4k6apgJtifcoCtT9bcxOpYBtpD2kCM6Sbzg4CausW/PKQ=="
    },
    "node_modules/kdbush": {
      "version": "4.0.2",
      "resolved": "https://registry.npmjs.org/kdbush/-/kdbush-4.0.2.tgz",
      "integrity": "sha512-WbCVYJ27Sz8zi9Q7Q0xHC+05iwkm3Znipc2XTlrnJbsHMYktW4hPhXUE8Ys1engBrvffoSCqbil1JQAa7clRpA=="
    },
    "node_modules/loose-envify": {
      "version": "1.4.0",
      "resolved": "https://registry.npmjs.org/loose-envify/-/loose-envify-1.4.0.tgz",
      "integrity": "sha512-lyuxPGr/Wfhrlem2CL/UcnUc1zcqKAImBDzukY7Y5F/yQiNdko6+fRLevlw1HgMySw7f611UIY408EtxRSoK3Q==",
      "dependencies": {
        "js-tokens": "^3.0.0 || ^4.0.0"
      },
      "bin": {
        "loose-envify": "cli.js"
      }
    },
    "node_modules/react": {
      "version": "18.3.1",
      "resolved": "https://registry.npmjs.org/react/-/react-18.3.1.tgz",
      "integrity": "sha512-wS+hAgJShR0KhEvPJArfuPVN1+Hz1t0Y6n5jLrGQbkb4urgPE/0Rve+1kMB1v/oWgHgm4WIcV+i7F2pTVj+2iQ==",
      "peer": true,
      "dependencies": {
        "loose-envify": "^1.1.0"
      },
      "engines": {
        "node": ">=0.10.0"
      }
    },
    "node_modules/react-dom": {
      "version": "18.3.1",
      "resolved": "https://registry.npmjs.org/react-dom/-/react-dom-18.3.1.tgz",
      "integrity": "sha512-5m4nQKp+rZRb09LNH59GM4BxTh9251/ylbKIbpe7TpGxfJ+9kv6BLkLBXIjjspbgbnIBNqlI23tRnTWT0snUIw==",
      "peer": true,
      "dependencies": {
        "loose-envify": "^1.1.0",
        "scheduler": "^0.23.2"
      },
      "peerDependencies": {
        "react": "^18.3.1"
      }
    },
    "node_modules/rxjs": {
      "version": "7.8.1",
      "resolved": "https://registry.npmjs.org/rxjs/-/rxjs-7.8.1.tgz",
      "integrity": "sha512-AA3TVj+0A2iuIoQkWEK/tqFjBq2j+6PO6Y0zJcvzLAFhEFIO3HL0vls9hWLncZbAAbK0mar7oZ4V079I/qPMxg==",
      "dev": true,
      "dependencies": {
        "tslib": "^2.1.0"
      }
    },
    "node_modules/sass-embedded": {
      "version": "1.80.2",
      "resolved": "https://registry.npmjs.org/sass-embedded/-/sass-embedded-1.80.2.tgz",
      "integrity": "sha512-L0Ny0m0C4B3Lz+h/2I4w9jJVkvSqgU4EAsqUhBlaf8iWaR67f1k/jI1CmtXfW39eiYb7TV/JWaDEWGQxlwremQ==",
      "dev": true,
      "dependencies": {
        "@bufbuild/protobuf": "^2.0.0",
        "buffer-builder": "^0.2.0",
        "colorjs.io": "^0.5.0",
        "immutable": "^4.0.0",
        "rxjs": "^7.4.0",
        "supports-color": "^8.1.1",
        "varint": "^6.0.0"
      },
      "bin": {
        "sass": "dist/bin/sass.js"
      },
      "engines": {
        "node": ">=16.0.0"
      },
      "optionalDependencies": {
        "sass-embedded-android-arm": "1.80.2",
        "sass-embedded-android-arm64": "1.80.2",
        "sass-embedded-android-ia32": "1.80.2",
        "sass-embedded-android-riscv64": "1.80.2",
        "sass-embedded-android-x64": "1.80.2",
        "sass-embedded-darwin-arm64": "1.80.2",
        "sass-embedded-darwin-x64": "1.80.2",
        "sass-embedded-linux-arm": "1.80.2",
        "sass-embedded-linux-arm64": "1.80.2",
        "sass-embedded-linux-ia32": "1.80.2",
        "sass-embedded-linux-musl-arm": "1.80.2",
        "sass-embedded-linux-musl-arm64": "1.80.2",
        "sass-embedded-linux-musl-ia32": "1.80.2",
        "sass-embedded-linux-musl-riscv64": "1.80.2",
        "sass-embedded-linux-musl-x64": "1.80.2",
        "sass-embedded-linux-riscv64": "1.80.2",
        "sass-embedded-linux-x64": "1.80.2",
        "sass-embedded-win32-arm64": "1.80.2",
        "sass-embedded-win32-ia32": "1.80.2",
        "sass-embedded-win32-x64": "1.80.2"
      }
    },
    "node_modules/sass-embedded-android-arm": {
      "version": "1.80.2",
      "resolved": "https://registry.npmjs.org/sass-embedded-android-arm/-/sass-embedded-android-arm-1.80.2.tgz",
      "integrity": "sha512-NfZpB1sVrksvF2QWUNmLE0yA1g4/lMIiBNiKZN7Kph3wKGbJfCNY6SjPrvR+Wa5q2SLgLpJw+l9/ZtJy537oBA==",
      "cpu": [
        "arm"
      ],
      "dev": true,
      "optional": true,
      "os": [
        "android"
      ],
      "engines": {
        "node": ">=14.0.0"
      }
    },
    "node_modules/sass-embedded-android-arm64": {
      "version": "1.80.2",
      "resolved": "https://registry.npmjs.org/sass-embedded-android-arm64/-/sass-embedded-android-arm64-1.80.2.tgz",
      "integrity": "sha512-8s9q2ZKYgMk1TOgE/tsJ7gFNM0JmsohfuEisDD5sT8RI4QUtMQhu2iKhtPgqRtQUluYg4fZ2QtLDkXt6fhyG3g==",
      "cpu": [
        "arm64"
      ],
      "dev": true,
      "optional": true,
      "os": [
        "android"
      ],
      "engines": {
        "node": ">=14.0.0"
      }
    },
    "node_modules/sass-embedded-android-ia32": {
      "version": "1.80.2",
      "resolved": "https://registry.npmjs.org/sass-embedded-android-ia32/-/sass-embedded-android-ia32-1.80.2.tgz",
      "integrity": "sha512-FB09M5YxFbKQn/La1wQDF/oCXFN1JOem13YN2YjcfJazUfCeRx4PBFde2oNpMuuRxadG3Bk9C+MFwUeJDlcoow==",
      "cpu": [
        "ia32"
      ],
      "dev": true,
      "optional": true,
      "os": [
        "android"
      ],
      "engines": {
        "node": ">=14.0.0"
      }
    },
    "node_modules/sass-embedded-android-riscv64": {
      "version": "1.80.2",
      "resolved": "https://registry.npmjs.org/sass-embedded-android-riscv64/-/sass-embedded-android-riscv64-1.80.2.tgz",
      "integrity": "sha512-8Fu4PQNz2WcQ1Ic1PiX6c8aFIGNWZm7cI8WIvnBrZu/U0Rd4VbvQkxG+1VTtwz7tDAIXqQC1WupySicn3+v15g==",
      "cpu": [
        "riscv64"
      ],
      "dev": true,
      "optional": true,
      "os": [
        "android"
      ],
      "engines": {
        "node": ">=14.0.0"
      }
    },
    "node_modules/sass-embedded-android-x64": {
      "version": "1.80.2",
      "resolved": "https://registry.npmjs.org/sass-embedded-android-x64/-/sass-embedded-android-x64-1.80.2.tgz",
      "integrity": "sha512-iutMegquKDuZSs0EZwGDAcUbIsh37JjgZs0rucBJieqJjZY3/3cuewAWWhMXcnLLNbdq98G5ka+c7FjHxwR1sw==",
      "cpu": [
        "x64"
      ],
      "dev": true,
      "optional": true,
      "os": [
        "android"
      ],
      "engines": {
        "node": ">=14.0.0"
      }
    },
    "node_modules/sass-embedded-darwin-arm64": {
      "version": "1.80.2",
      "resolved": "https://registry.npmjs.org/sass-embedded-darwin-arm64/-/sass-embedded-darwin-arm64-1.80.2.tgz",
      "integrity": "sha512-mYatMle8CJc5WRV6EopgYukjvuF/Q3OlKdz+ObFsJ0i3D/sVUYJMva7lB4SlXDhGBdZt/ge6uCU5WZ69SV7VFw==",
      "cpu": [
        "arm64"
      ],
      "dev": true,
      "optional": true,
      "os": [
        "darwin"
      ],
      "engines": {
        "node": ">=14.0.0"
      }
    },
    "node_modules/sass-embedded-darwin-x64": {
      "version": "1.80.2",
      "resolved": "https://registry.npmjs.org/sass-embedded-darwin-x64/-/sass-embedded-darwin-x64-1.80.2.tgz",
      "integrity": "sha512-8S67h8CFJwjs+bAFdvrE4zIEcBnsZpfCNiKRcEp3Gdnu+B1D0ft2Wh1Vzv0hoWTw/WU5VwABG2dUf37bZfyLdg==",
      "cpu": [
        "x64"
      ],
      "dev": true,
      "optional": true,
      "os": [
        "darwin"
      ],
      "engines": {
        "node": ">=14.0.0"
      }
    },
    "node_modules/sass-embedded-linux-arm": {
      "version": "1.80.2",
      "resolved": "https://registry.npmjs.org/sass-embedded-linux-arm/-/sass-embedded-linux-arm-1.80.2.tgz",
      "integrity": "sha512-LKLJ0tRPIuqwucqIUgZ4XOKXnuhFkXqG5XKelz+pHqJG0Q+afrgkQepWnRaoE6dvvCTSQMq9WOrRozq7qYhIPQ==",
      "cpu": [
        "arm"
      ],
      "dev": true,
      "optional": true,
      "os": [
        "linux"
      ],
      "engines": {
        "node": ">=14.0.0"
      }
    },
    "node_modules/sass-embedded-linux-arm64": {
      "version": "1.80.2",
      "resolved": "https://registry.npmjs.org/sass-embedded-linux-arm64/-/sass-embedded-linux-arm64-1.80.2.tgz",
      "integrity": "sha512-CenqW3ZeLh8ecsKNTDkJFkCbK51tukFv8L8e8Fj60dbn5Ph2Pe4Zq+LWRWvwfYVtZ2Eh+KRBFd+bwKRrBHVmyg==",
      "cpu": [
        "arm64"
      ],
      "dev": true,
      "optional": true,
      "os": [
        "linux"
      ],
      "engines": {
        "node": ">=14.0.0"
      }
    },
    "node_modules/sass-embedded-linux-ia32": {
      "version": "1.80.2",
      "resolved": "https://registry.npmjs.org/sass-embedded-linux-ia32/-/sass-embedded-linux-ia32-1.80.2.tgz",
      "integrity": "sha512-DqtRsnRnQPkKvu8zWGfkTF/f4YXnwL81Eej2i+wNWObcx3ykpnuSLda5d96K2G77wJyIblkm/fFl+4770uqROg==",
      "cpu": [
        "ia32"
      ],
      "dev": true,
      "optional": true,
      "os": [
        "linux"
      ],
      "engines": {
        "node": ">=14.0.0"
      }
    },
    "node_modules/sass-embedded-linux-musl-arm": {
      "version": "1.80.2",
      "resolved": "https://registry.npmjs.org/sass-embedded-linux-musl-arm/-/sass-embedded-linux-musl-arm-1.80.2.tgz",
      "integrity": "sha512-+vn43xUfFHZ5/yl1mwVePsscj9joTP6cafUaMViQyxNqQ867HI41fV1ffPz5g98GLExvWu8c5P3owZ5igl6mzQ==",
      "cpu": [
        "arm"
      ],
      "dev": true,
      "optional": true,
      "os": [
        "linux"
      ],
      "engines": {
        "node": ">=14.0.0"
      }
    },
    "node_modules/sass-embedded-linux-musl-arm64": {
      "version": "1.80.2",
      "resolved": "https://registry.npmjs.org/sass-embedded-linux-musl-arm64/-/sass-embedded-linux-musl-arm64-1.80.2.tgz",
      "integrity": "sha512-8PBJ7BWlJ3WUIszu7GwUaymcsh7/0j30mdgzIwjQ9pZ02T+HCswqmCxP4NYoXdt39DHRml73XsmFV+1u0F0YdA==",
      "cpu": [
        "arm64"
      ],
      "dev": true,
      "optional": true,
      "os": [
        "linux"
      ],
      "engines": {
        "node": ">=14.0.0"
      }
    },
    "node_modules/sass-embedded-linux-musl-ia32": {
      "version": "1.80.2",
      "resolved": "https://registry.npmjs.org/sass-embedded-linux-musl-ia32/-/sass-embedded-linux-musl-ia32-1.80.2.tgz",
      "integrity": "sha512-m6JYl+DOwM2N2XJZ12ZqjE1WqQgb8PvaQiiMcMr4AovwYBIiSKTdkUOJ3MDB9bXNxUtNz70XByGhjP+ypdssfQ==",
      "cpu": [
        "ia32"
      ],
      "dev": true,
      "optional": true,
      "os": [
        "linux"
      ],
      "engines": {
        "node": ">=14.0.0"
      }
    },
    "node_modules/sass-embedded-linux-musl-riscv64": {
      "version": "1.80.2",
      "resolved": "https://registry.npmjs.org/sass-embedded-linux-musl-riscv64/-/sass-embedded-linux-musl-riscv64-1.80.2.tgz",
      "integrity": "sha512-6kNWpVkG7qqIA7sM4E17mnRSroIS45MG2i1dZ7/VcxpTwHaSGY9VUUw9pfKSUqa9/mlxO9Y7ayT2d4VbTAcqHA==",
      "cpu": [
        "riscv64"
      ],
      "dev": true,
      "optional": true,
      "os": [
        "linux"
      ],
      "engines": {
        "node": ">=14.0.0"
      }
    },
    "node_modules/sass-embedded-linux-musl-x64": {
      "version": "1.80.2",
      "resolved": "https://registry.npmjs.org/sass-embedded-linux-musl-x64/-/sass-embedded-linux-musl-x64-1.80.2.tgz",
      "integrity": "sha512-Fpb2aIwUvA6hFk3PQY1JjumoOL0GzXqHX1rDi2V9YXO480/PbDWg9ZfC1SOUzanwM50Dt5a3pukYff0jd6yqXA==",
      "cpu": [
        "x64"
      ],
      "dev": true,
      "optional": true,
      "os": [
        "linux"
      ],
      "engines": {
        "node": ">=14.0.0"
      }
    },
    "node_modules/sass-embedded-linux-riscv64": {
      "version": "1.80.2",
      "resolved": "https://registry.npmjs.org/sass-embedded-linux-riscv64/-/sass-embedded-linux-riscv64-1.80.2.tgz",
      "integrity": "sha512-O7YYDEMs6mTeUOv5TWqFeuH76sCLB+xqatZTgN1faen8uBLA7O6HeJa7caR8nMg6+xEE9TQQatCYDfNr6BRJIQ==",
      "cpu": [
        "riscv64"
      ],
      "dev": true,
      "optional": true,
      "os": [
        "linux"
      ],
      "engines": {
        "node": ">=14.0.0"
      }
    },
    "node_modules/sass-embedded-linux-x64": {
      "version": "1.80.2",
      "resolved": "https://registry.npmjs.org/sass-embedded-linux-x64/-/sass-embedded-linux-x64-1.80.2.tgz",
      "integrity": "sha512-XcsHQN/X8dsAMOD7HY05diHjMVVhym/OpDCQRqY7AvJBXbJwURQAc84W5fVCEFjS6KUmV7ovGMb83VcDf7/huA==",
      "cpu": [
        "x64"
      ],
      "dev": true,
      "optional": true,
      "os": [
        "linux"
      ],
      "engines": {
        "node": ">=14.0.0"
      }
    },
    "node_modules/sass-embedded-win32-arm64": {
      "version": "1.80.2",
      "resolved": "https://registry.npmjs.org/sass-embedded-win32-arm64/-/sass-embedded-win32-arm64-1.80.2.tgz",
      "integrity": "sha512-OIRbUwc1Kzz8rfYlUl2ISExx31NMEDConfbUHcPI/UtKRT3bp3aQ31tjSvL/flnCTMkFgUf974xFaxgaz1WneQ==",
      "cpu": [
        "arm64"
      ],
      "dev": true,
      "optional": true,
      "os": [
        "win32"
      ],
      "engines": {
        "node": ">=14.0.0"
      }
    },
    "node_modules/sass-embedded-win32-ia32": {
      "version": "1.80.2",
      "resolved": "https://registry.npmjs.org/sass-embedded-win32-ia32/-/sass-embedded-win32-ia32-1.80.2.tgz",
      "integrity": "sha512-DY80FibfxYv0an/EVTNJ8tgy0sMSATPHBVEXK4PQxMJ+74wWpplESUsU8BUjeIsAvURuCH2uco6iFvM7/yVOJw==",
      "cpu": [
        "ia32"
      ],
      "dev": true,
      "optional": true,
      "os": [
        "win32"
      ],
      "engines": {
        "node": ">=14.0.0"
      }
    },
    "node_modules/sass-embedded-win32-x64": {
      "version": "1.80.2",
      "resolved": "https://registry.npmjs.org/sass-embedded-win32-x64/-/sass-embedded-win32-x64-1.80.2.tgz",
      "integrity": "sha512-GCgKYyNGDPAZMScQU3LI7IndBCwQMrnAuZjAWZLNi3j9HEcEVjYt5gTRyc4XTPALi76XpJEVzTL0tjt+87llOQ==",
      "cpu": [
        "x64"
      ],
      "dev": true,
      "optional": true,
      "os": [
        "win32"
      ],
      "engines": {
        "node": ">=14.0.0"
      }
    },
    "node_modules/scheduler": {
      "version": "0.23.2",
      "resolved": "https://registry.npmjs.org/scheduler/-/scheduler-0.23.2.tgz",
      "integrity": "sha512-UOShsPwz7NrMUqhR6t0hWjFduvOzbtv7toDH1/hIrfRNIDBnnBWd0CwJTGvTpngVlmwGCdP9/Zl/tVrDqcuYzQ==",
      "peer": true,
      "dependencies": {
        "loose-envify": "^1.1.0"
      }
    },
    "node_modules/supercluster": {
      "version": "8.0.1",
      "resolved": "https://registry.npmjs.org/supercluster/-/supercluster-8.0.1.tgz",
      "integrity": "sha512-IiOea5kJ9iqzD2t7QJq/cREyLHTtSmUT6gQsweojg9WH2sYJqZK9SswTu6jrscO6D1G5v5vYZ9ru/eq85lXeZQ==",
      "dependencies": {
        "kdbush": "^4.0.2"
      }
    },
    "node_modules/supports-color": {
      "version": "8.1.1",
      "resolved": "https://registry.npmjs.org/supports-color/-/supports-color-8.1.1.tgz",
      "integrity": "sha512-MpUEN2OodtUzxvKQl72cUF7RQ5EiHsGvSsVG0ia9c5RbWGL2CI4C7EpPS8UTBIplnlzZiNuV56w+FuNxy3ty2Q==",
      "dev": true,
      "dependencies": {
        "has-flag": "^4.0.0"
      },
      "engines": {
        "node": ">=10"
      },
      "funding": {
        "url": "https://github.com/chalk/supports-color?sponsor=1"
      }
    },
    "node_modules/tslib": {
      "version": "2.8.0",
      "resolved": "https://registry.npmjs.org/tslib/-/tslib-2.8.0.tgz",
      "integrity": "sha512-jWVzBLplnCmoaTr13V9dYbiQ99wvZRd0vNWaDRg+aVYRcjDF3nDksxFDE/+fkXnKhpnUUkmx5pK/v8mCtLVqZA==",
      "dev": true
    },
    "node_modules/varint": {
      "version": "6.0.0",
      "resolved": "https://registry.npmjs.org/varint/-/varint-6.0.0.tgz",
      "integrity": "sha512-cXEIW6cfr15lFv563k4GuVuW/fiwjknytD37jIOLSdSWuOI6WnO/oKwmP2FQTU2l01LP8/M5TSAJpzUaGe3uWg==",
      "dev": true
    }
  }
}
