{
  "name": "stripeReactProject",
  "lockfileVersion": 3,
  "requires": true,
  "packages": {
    "": {
      "dependencies": {
        "@react-google-maps/api": "^2.20.3",
        "@types/react": "^18.3.11",
        "@types/react-dom": "^18.3.1"
      },
      "devDependencies": {
        "sass-embedded": "^1.79.5"
      }
    },
    "node_modules/@bufbuild/protobuf": {
      "version": "2.2.0",
      "resolved": "https://registry.npmjs.org/@bufbuild/protobuf/-/protobuf-2.2.0.tgz",
      "integrity": "sha512-+imAQkHf7U/Rwvu0wk1XWgsP3WnpCWmK7B48f0XqSNzgk64+grljTKC7pnO/xBiEMUziF7vKRfbBnOQhg126qQ==",
      "dev": true
    },
    "node_modules/@googlemaps/js-api-loader": {
      "version": "1.16.8",
      "resolved": "https://registry.npmjs.org/@googlemaps/js-api-loader/-/js-api-loader-1.16.8.tgz",
      "integrity": "sha512-CROqqwfKotdO6EBjZO/gQGVTbeDps5V7Mt9+8+5Q+jTg5CRMi3Ii/L9PmV3USROrt2uWxtGzJHORmByxyo9pSQ=="
    },
    "node_modules/@googlemaps/markerclusterer": {
      "version": "2.5.3",
      "resolved": "https://registry.npmjs.org/@googlemaps/markerclusterer/-/markerclusterer-2.5.3.tgz",
      "integrity": "sha512-x7lX0R5yYOoiNectr10wLgCBasNcXFHiADIBdmn7jQllF2B5ENQw5XtZK+hIw4xnV0Df0xhN4LN98XqA5jaiOw==",
      "dependencies": {
        "fast-deep-equal": "^3.1.3",
        "supercluster": "^8.0.1"
      }
    },
    "node_modules/@react-google-maps/api": {
      "version": "2.20.3",
      "resolved": "https://registry.npmjs.org/@react-google-maps/api/-/api-2.20.3.tgz",
      "integrity": "sha512-ndXC8nZDPT78nCceZnftGSvA/iVhwx2XhlfEYaoUy2biGelhrE2vDzjyTuZhb4RV+bVYpd4LkIf3hzyxAFd+Qg==",
      "dependencies": {
        "@googlemaps/js-api-loader": "1.16.8",
        "@googlemaps/markerclusterer": "2.5.3",
        "@react-google-maps/infobox": "2.20.0",
        "@react-google-maps/marker-clusterer": "2.20.0",
        "@types/google.maps": "3.58.1",
        "invariant": "2.2.4"
      },
      "peerDependencies": {
        "react": "^16.8 || ^17 || ^18",
        "react-dom": "^16.8 || ^17 || ^18"
      }
    },
    "node_modules/@react-google-maps/infobox": {
      "version": "2.20.0",
      "resolved": "https://registry.npmjs.org/@react-google-maps/infobox/-/infobox-2.20.0.tgz",
      "integrity": "sha512-03PJHjohhaVLkX6+NHhlr8CIlvUxWaXhryqDjyaZ8iIqqix/nV8GFdz9O3m5OsjtxtNho09F/15j14yV0nuyLQ=="
    },
    "node_modules/@react-google-maps/marker-clusterer": {
      "version": "2.20.0",
      "resolved": "https://registry.npmjs.org/@react-google-maps/marker-clusterer/-/marker-clusterer-2.20.0.tgz",
      "integrity": "sha512-tieX9Va5w1yP88vMgfH1pHTacDQ9TgDTjox3tLlisKDXRQWdjw+QeVVghhf5XqqIxXHgPdcGwBvKY6UP+SIvLw=="
    },
    "node_modules/@types/google.maps": {
      "version": "3.58.1",
      "resolved": "https://registry.npmjs.org/@types/google.maps/-/google.maps-3.58.1.tgz",
      "integrity": "sha512-X9QTSvGJ0nCfMzYOnaVs/k6/4L+7F5uCS+4iUmkLEls6J9S/Phv+m/i3mDeyc49ZBgwab3EFO1HEoBY7k98EGQ=="
    },
    "node_modules/@types/prop-types": {
      "version": "15.7.13",
      "resolved": "https://registry.npmjs.org/@types/prop-types/-/prop-types-15.7.13.tgz",
      "integrity": "sha512-hCZTSvwbzWGvhqxp/RqVqwU999pBf2vp7hzIjiYOsl8wqOmUxkQ6ddw1cV3l8811+kdUFus/q4d1Y3E3SyEifA=="
    },
    "node_modules/@types/react": {
      "version": "18.3.11",
      "resolved": "https://registry.npmjs.org/@types/react/-/react-18.3.11.tgz",
      "integrity": "sha512-r6QZ069rFTjrEYgFdOck1gK7FLVsgJE7tTz0pQBczlBNUhBNk0MQH4UbnFSwjpQLMkLzgqvBBa+qGpLje16eTQ==",
      "dependencies": {
        "@types/prop-types": "*",
        "csstype": "^3.0.2"
      }
    },
    "node_modules/@types/react-dom": {
      "version": "18.3.1",
      "resolved": "https://registry.npmjs.org/@types/react-dom/-/react-dom-18.3.1.tgz",
      "integrity": "sha512-qW1Mfv8taImTthu4KoXgDfLuk4bydU6Q/TkADnDWWHwi4NX4BR+LWfTp2sVmTqRrsHvyDDTelgelxJ+SsejKKQ==",
      "dependencies": {
        "@types/react": "*"
      }
    },
    "node_modules/buffer-builder": {
      "version": "0.2.0",
      "resolved": "https://registry.npmjs.org/buffer-builder/-/buffer-builder-0.2.0.tgz",
      "integrity": "sha512-7VPMEPuYznPSoR21NE1zvd2Xna6c/CloiZCfcMXR1Jny6PjX0N4Nsa38zcBFo/FMK+BlA+FLKbJCQ0i2yxp+Xg==",
      "dev": true
    },
    "node_modules/colorjs.io": {
      "version": "0.5.2",
      "resolved": "https://registry.npmjs.org/colorjs.io/-/colorjs.io-0.5.2.tgz",
      "integrity": "sha512-twmVoizEW7ylZSN32OgKdXRmo1qg+wT5/6C3xu5b9QsWzSFAhHLn2xd8ro0diCsKfCj1RdaTP/nrcW+vAoQPIw==",
      "dev": true
    },
    "node_modules/csstype": {
      "version": "3.1.3",
      "resolved": "https://registry.npmjs.org/csstype/-/csstype-3.1.3.tgz",
      "integrity": "sha512-M1uQkMl8rQK/szD0LNhtqxIPLpimGm8sOBwU7lLnCpSbTyY3yeU1Vc7l4KT5zT4s/yOxHH5O7tIuuLOCnLADRw=="
    },
    "node_modules/fast-deep-equal": {
      "version": "3.1.3",
      "resolved": "https://registry.npmjs.org/fast-deep-equal/-/fast-deep-equal-3.1.3.tgz",
      "integrity": "sha512-f3qQ9oQy9j2AhBe/H9VC91wLmKBCCU/gDOnKNAYG5hswO7BLKj09Hc5HYNz9cGI++xlpDCIgDaitVs03ATR84Q=="
    },
    "node_modules/has-flag": {
      "version": "4.0.0",
      "resolved": "https://registry.npmjs.org/has-flag/-/has-flag-4.0.0.tgz",
      "integrity": "sha512-EykJT/Q1KjTWctppgIAgfSO0tKVuZUjhgMr17kqTumMl6Afv3EISleU7qZUzoXDFTAHTDC4NOoG/ZxU3EvlMPQ==",
      "dev": true,
      "engines": {
        "node": ">=8"
      }
    },
    "node_modules/immutable": {
      "version": "4.3.7",
      "resolved": "https://registry.npmjs.org/immutable/-/immutable-4.3.7.tgz",
      "integrity": "sha512-1hqclzwYwjRDFLjcFxOM5AYkkG0rpFPpr1RLPMEuGczoS7YA8gLhy8SWXYRAA/XwfEHpfo3cw5JGioS32fnMRw==",
      "dev": true
    },
    "node_modules/invariant": {
      "version": "2.2.4",
      "resolved": "https://registry.npmjs.org/invariant/-/invariant-2.2.4.tgz",
      "integrity": "sha512-phJfQVBuaJM5raOpJjSfkiD6BpbCE4Ns//LaXl6wGYtUBY83nWS6Rf9tXm2e8VaK60JEjYldbPif/A2B1C2gNA==",
      "dependencies": {
        "loose-envify": "^1.0.0"
      }
    },
    "node_modules/js-tokens": {
      "version": "4.0.0",
      "resolved": "https://registry.npmjs.org/js-tokens/-/js-tokens-4.0.0.tgz",
      "integrity": "sha512-RdJUflcE3cUzKiMqQgsCu06FPu9UdIJO0beYbPhHN4k6apgJtifcoCtT9bcxOpYBtpD2kCM6Sbzg4CausW/PKQ=="
    },
    "node_modules/kdbush": {
      "version": "4.0.2",
      "resolved": "https://registry.npmjs.org/kdbush/-/kdbush-4.0.2.tgz",
      "integrity": "sha512-WbCVYJ27Sz8zi9Q7Q0xHC+05iwkm3Znipc2XTlrnJbsHMYktW4hPhXUE8Ys1engBrvffoSCqbil1JQAa7clRpA=="
    },
    "node_modules/loose-envify": {
      "version": "1.4.0",
      "resolved": "https://registry.npmjs.org/loose-envify/-/loose-envify-1.4.0.tgz",
      "integrity": "sha512-lyuxPGr/Wfhrlem2CL/UcnUc1zcqKAImBDzukY7Y5F/yQiNdko6+fRLevlw1HgMySw7f611UIY408EtxRSoK3Q==",
      "dependencies": {
        "js-tokens": "^3.0.0 || ^4.0.0"
      },
      "bin": {
        "loose-envify": "cli.js"
      }
    },
    "node_modules/react": {
      "version": "18.3.1",
      "resolved": "https://registry.npmjs.org/react/-/react-18.3.1.tgz",
      "integrity": "sha512-wS+hAgJShR0KhEvPJArfuPVN1+Hz1t0Y6n5jLrGQbkb4urgPE/0Rve+1kMB1v/oWgHgm4WIcV+i7F2pTVj+2iQ==",
      "peer": true,
      "dependencies": {
        "loose-envify": "^1.1.0"
      },
      "engines": {
        "node": ">=0.10.0"
      }
    },
    "node_modules/react-dom": {
      "version": "18.3.1",
      "resolved": "https://registry.npmjs.org/react-dom/-/react-dom-18.3.1.tgz",
      "integrity": "sha512-5m4nQKp+rZRb09LNH59GM4BxTh9251/ylbKIbpe7TpGxfJ+9kv6BLkLBXIjjspbgbnIBNqlI23tRnTWT0snUIw==",
      "peer": true,
      "dependencies": {
        "loose-envify": "^1.1.0",
        "scheduler": "^0.23.2"
      },
      "peerDependencies": {
        "react": "^18.3.1"
      }
    },
    "node_modules/rxjs": {
      "version": "7.8.1",
      "resolved": "https://registry.npmjs.org/rxjs/-/rxjs-7.8.1.tgz",
      "integrity": "sha512-AA3TVj+0A2iuIoQkWEK/tqFjBq2j+6PO6Y0zJcvzLAFhEFIO3HL0vls9hWLncZbAAbK0mar7oZ4V079I/qPMxg==",
      "dev": true,
      "dependencies": {
        "tslib": "^2.1.0"
      }
    },
    "node_modules/sass-embedded": {
      "version": "1.79.5",
      "resolved": "https://registry.npmjs.org/sass-embedded/-/sass-embedded-1.79.5.tgz",
      "integrity": "sha512-QFdalnjGFkbNvb6/uQGmP4OIN+GQ5/R77eu0PsXduDB1YP5JW5DSWFVDAyK6l6C54P+3J3eXkjuPYC0mcwX+AA==",
      "dev": true,
      "dependencies": {
        "@bufbuild/protobuf": "^2.0.0",
        "buffer-builder": "^0.2.0",
        "colorjs.io": "^0.5.0",
        "immutable": "^4.0.0",
        "rxjs": "^7.4.0",
        "supports-color": "^8.1.1",
        "varint": "^6.0.0"
      },
      "bin": {
        "sass": "dist/bin/sass.js"
      },
      "engines": {
        "node": ">=16.0.0"
      },
      "optionalDependencies": {
        "sass-embedded-android-arm": "1.79.5",
        "sass-embedded-android-arm64": "1.79.5",
        "sass-embedded-android-ia32": "1.79.5",
        "sass-embedded-android-riscv64": "1.79.5",
        "sass-embedded-android-x64": "1.79.5",
        "sass-embedded-darwin-arm64": "1.79.5",
        "sass-embedded-darwin-x64": "1.79.5",
        "sass-embedded-linux-arm": "1.79.5",
        "sass-embedded-linux-arm64": "1.79.5",
        "sass-embedded-linux-ia32": "1.79.5",
        "sass-embedded-linux-musl-arm": "1.79.5",
        "sass-embedded-linux-musl-arm64": "1.79.5",
        "sass-embedded-linux-musl-ia32": "1.79.5",
        "sass-embedded-linux-musl-riscv64": "1.79.5",
        "sass-embedded-linux-musl-x64": "1.79.5",
        "sass-embedded-linux-riscv64": "1.79.5",
        "sass-embedded-linux-x64": "1.79.5",
        "sass-embedded-win32-arm64": "1.79.5",
        "sass-embedded-win32-ia32": "1.79.5",
        "sass-embedded-win32-x64": "1.79.5"
      }
    },
    "node_modules/sass-embedded-android-arm": {
      "version": "1.79.5",
      "resolved": "https://registry.npmjs.org/sass-embedded-android-arm/-/sass-embedded-android-arm-1.79.5.tgz",
      "integrity": "sha512-gYtpQAE2uNFa5IBKBIzUq5ETDS6gnVRmhP5j+N5JGrOThYaGPcG4KrjlU9R3BfCmc7zP5WvlHFZsxSz+2JRT2w==",
      "cpu": [
        "arm"
      ],
      "dev": true,
      "optional": true,
      "os": [
        "android"
      ],
      "engines": {
        "node": ">=14.0.0"
      }
    },
    "node_modules/sass-embedded-android-arm64": {
      "version": "1.79.5",
      "resolved": "https://registry.npmjs.org/sass-embedded-android-arm64/-/sass-embedded-android-arm64-1.79.5.tgz",
      "integrity": "sha512-pq1RJTENkRmEUMLiVuSGYwuLk8zXovWzrjQxlWZTF/Jn5F7Ypi/3v5huMmgJF5n+etsxjio1PN1idaQ5tPLBmg==",
      "cpu": [
        "arm64"
      ],
      "dev": true,
      "optional": true,
      "os": [
        "android"
      ],
      "engines": {
        "node": ">=14.0.0"
      }
    },
    "node_modules/sass-embedded-android-ia32": {
      "version": "1.79.5",
      "resolved": "https://registry.npmjs.org/sass-embedded-android-ia32/-/sass-embedded-android-ia32-1.79.5.tgz",
      "integrity": "sha512-CgJZjLxYRkgjTP/76WumLlF7+1aW0LA+DSEJhkVaCxe5avndRCmPrNcX0PrtYSDvUgeQDvY7xF+fT9QXN1+NgQ==",
      "cpu": [
        "ia32"
      ],
      "dev": true,
      "optional": true,
      "os": [
        "android"
      ],
      "engines": {
        "node": ">=14.0.0"
      }
    },
    "node_modules/sass-embedded-android-riscv64": {
      "version": "1.79.5",
      "resolved": "https://registry.npmjs.org/sass-embedded-android-riscv64/-/sass-embedded-android-riscv64-1.79.5.tgz",
      "integrity": "sha512-OLbdmDSM/eOjO01PUYbS54BQOCM/HHHHWk/4M8HHdxwF3ojy5eqQaA63R1YQ3IJvLEE7dnudofOXmL01B5+yvQ==",
      "cpu": [
        "riscv64"
      ],
      "dev": true,
      "optional": true,
      "os": [
        "android"
      ],
      "engines": {
        "node": ">=14.0.0"
      }
    },
    "node_modules/sass-embedded-android-x64": {
      "version": "1.79.5",
      "resolved": "https://registry.npmjs.org/sass-embedded-android-x64/-/sass-embedded-android-x64-1.79.5.tgz",
      "integrity": "sha512-UbXxk/rdR3aVBkB7Fh/eAUL7oUADWgQrYpLe9Xu5A0gmthw0/zo/pu7kweBSrbgHnPfWIt/uxwmW4eEAmqqZWQ==",
      "cpu": [
        "x64"
      ],
      "dev": true,
      "optional": true,
      "os": [
        "android"
      ],
      "engines": {
        "node": ">=14.0.0"
      }
    },
    "node_modules/sass-embedded-darwin-arm64": {
      "version": "1.79.5",
      "resolved": "https://registry.npmjs.org/sass-embedded-darwin-arm64/-/sass-embedded-darwin-arm64-1.79.5.tgz",
      "integrity": "sha512-qeEl9XhYetZSY1j4nqvh3hB8tfYOAGsOQyVOCaxyX1bubMRSGPvPNIyftm14QzK7EDrE/K/0+FwCvflarOV4NQ==",
      "cpu": [
        "arm64"
      ],
      "dev": true,
      "optional": true,
      "os": [
        "darwin"
      ],
      "engines": {
        "node": ">=14.0.0"
      }
    },
    "node_modules/sass-embedded-darwin-x64": {
      "version": "1.79.5",
      "resolved": "https://registry.npmjs.org/sass-embedded-darwin-x64/-/sass-embedded-darwin-x64-1.79.5.tgz",
      "integrity": "sha512-y4pvkYCQhgruxlncub/2j+cZSmlpsZX9Rp1aTRIKvlNagqFStYzFZ6kX3CErlfCEAMYwRVEhP8z/OOoDqnjaZA==",
      "cpu": [
        "x64"
      ],
      "dev": true,
      "optional": true,
      "os": [
        "darwin"
      ],
      "engines": {
        "node": ">=14.0.0"
      }
    },
    "node_modules/sass-embedded-linux-arm": {
      "version": "1.79.5",
      "resolved": "https://registry.npmjs.org/sass-embedded-linux-arm/-/sass-embedded-linux-arm-1.79.5.tgz",
      "integrity": "sha512-rX6qAR8pE1pevYhGzbCpGFexdH4z6QMnw3IeiCNmkpJ4zMXNEN336xl6SZN0xaPiGuNDhUFcq0wgSq3RDKS5vQ==",
      "cpu": [
        "arm"
      ],
      "dev": true,
      "optional": true,
      "os": [
        "linux"
      ],
      "engines": {
        "node": ">=14.0.0"
      }
    },
    "node_modules/sass-embedded-linux-arm64": {
      "version": "1.79.5",
      "resolved": "https://registry.npmjs.org/sass-embedded-linux-arm64/-/sass-embedded-linux-arm64-1.79.5.tgz",
      "integrity": "sha512-kiUbrLiNAA7vOe6kpdukRhCad1u7ebwhB0ZE63+IgF5HFZ/Qo6GkhHIrVM9AfeLxUT3N6Z4BNtgdcRa9na4Pwg==",
      "cpu": [
        "arm64"
      ],
      "dev": true,
      "optional": true,
      "os": [
        "linux"
      ],
      "engines": {
        "node": ">=14.0.0"
      }
    },
    "node_modules/sass-embedded-linux-ia32": {
      "version": "1.79.5",
      "resolved": "https://registry.npmjs.org/sass-embedded-linux-ia32/-/sass-embedded-linux-ia32-1.79.5.tgz",
      "integrity": "sha512-12pj3fBV0+VAX/RI6uYFxi/MoUoihRKP7iVpo9MaT/m+EtvN6mYsDpi/T4pTq2dKQYljoaFq8Rb6tR+FinS1zg==",
      "cpu": [
        "ia32"
      ],
      "dev": true,
      "optional": true,
      "os": [
        "linux"
      ],
      "engines": {
        "node": ">=14.0.0"
      }
    },
    "node_modules/sass-embedded-linux-musl-arm": {
      "version": "1.79.5",
      "resolved": "https://registry.npmjs.org/sass-embedded-linux-musl-arm/-/sass-embedded-linux-musl-arm-1.79.5.tgz",
      "integrity": "sha512-EHFrbTgRymEFTf3JnjHzC24PO0WHFjLUEWUJqSuWKZw0+BCL7120MvYIrfkYymPp5UYk+STIjj+Fd9dYSWBrAg==",
      "cpu": [
        "arm"
      ],
      "dev": true,
      "optional": true,
      "os": [
        "linux"
      ],
      "engines": {
        "node": ">=14.0.0"
      }
    },
    "node_modules/sass-embedded-linux-musl-arm64": {
      "version": "1.79.5",
      "resolved": "https://registry.npmjs.org/sass-embedded-linux-musl-arm64/-/sass-embedded-linux-musl-arm64-1.79.5.tgz",
      "integrity": "sha512-Qg1HuQ+ebz3wfPT7xty2G8BpDLXdyfMk7WqKd+X1DlFEcY/kcNapwMVFXS2fCYTTR3gcbIZ4p7eUiQySlkj93A==",
      "cpu": [
        "arm64"
      ],
      "dev": true,
      "optional": true,
      "os": [
        "linux"
      ],
      "engines": {
        "node": ">=14.0.0"
      }
    },
    "node_modules/sass-embedded-linux-musl-ia32": {
      "version": "1.79.5",
      "resolved": "https://registry.npmjs.org/sass-embedded-linux-musl-ia32/-/sass-embedded-linux-musl-ia32-1.79.5.tgz",
      "integrity": "sha512-2qdsGIcdCnpsw8Ijuq8uk4RifxV/lTd1mqjrfge7AfFBtQIExbxZoYBtbSrcY63ONa+UWEf9Z1p6rZ3QySKWlg==",
      "cpu": [
        "ia32"
      ],
      "dev": true,
      "optional": true,
      "os": [
        "linux"
      ],
      "engines": {
        "node": ">=14.0.0"
      }
    },
    "node_modules/sass-embedded-linux-musl-riscv64": {
      "version": "1.79.5",
      "resolved": "https://registry.npmjs.org/sass-embedded-linux-musl-riscv64/-/sass-embedded-linux-musl-riscv64-1.79.5.tgz",
      "integrity": "sha512-wrc6s8YQt95koSkaLoP5HtvAAKxTPWqYZVxnoqp2bHgkKWlr4ymJll9vMcdU3//VxTgJbuH83U5ajzNCtHd0NQ==",
      "cpu": [
        "riscv64"
      ],
      "dev": true,
      "optional": true,
      "os": [
        "linux"
      ],
      "engines": {
        "node": ">=14.0.0"
      }
    },
    "node_modules/sass-embedded-linux-musl-x64": {
      "version": "1.79.5",
      "resolved": "https://registry.npmjs.org/sass-embedded-linux-musl-x64/-/sass-embedded-linux-musl-x64-1.79.5.tgz",
      "integrity": "sha512-1J6JrGpVp07GsBEzEGj/9u6UkVUuga2U7kpfkQxIdYOLmXmXmni6zNx89VehaP7X5OSscwJc/Zufh++6VcRQHw==",
      "cpu": [
        "x64"
      ],
      "dev": true,
      "optional": true,
      "os": [
        "linux"
      ],
      "engines": {
        "node": ">=14.0.0"
      }
    },
    "node_modules/sass-embedded-linux-riscv64": {
      "version": "1.79.5",
      "resolved": "https://registry.npmjs.org/sass-embedded-linux-riscv64/-/sass-embedded-linux-riscv64-1.79.5.tgz",
      "integrity": "sha512-G45UKRAUgvxXhLROowTgVmyIVyGtRZoCMVH1vPi0EG5SePy43AkhjQVaUb6Ol6lfRRNpQqBFKw3UabxaMCM0Ow==",
      "cpu": [
        "riscv64"
      ],
      "dev": true,
      "optional": true,
      "os": [
        "linux"
      ],
      "engines": {
        "node": ">=14.0.0"
      }
    },
    "node_modules/sass-embedded-linux-x64": {
      "version": "1.79.5",
      "resolved": "https://registry.npmjs.org/sass-embedded-linux-x64/-/sass-embedded-linux-x64-1.79.5.tgz",
      "integrity": "sha512-EOk6pULzxM9b5B8uuuZbQXqfg2BQheAovQeYAw4ueHikaFoESOfaA8OG4kl0v1m5v5tKqAHOjy7xFhtpbEpqEw==",
      "cpu": [
        "x64"
      ],
      "dev": true,
      "optional": true,
      "os": [
        "linux"
      ],
      "engines": {
        "node": ">=14.0.0"
      }
    },
    "node_modules/sass-embedded-win32-arm64": {
      "version": "1.79.5",
      "resolved": "https://registry.npmjs.org/sass-embedded-win32-arm64/-/sass-embedded-win32-arm64-1.79.5.tgz",
      "integrity": "sha512-KdkJOmJSe5lhR4Kxn522GbZo4jRUnQ+V4JQSaIbyxKndBpD81NGPYhDs0ikpJciqrwbmiBxVD5Qqeim6B1gdxA==",
      "cpu": [
        "arm64"
      ],
      "dev": true,
      "optional": true,
      "os": [
        "win32"
      ],
      "engines": {
        "node": ">=14.0.0"
      }
    },
    "node_modules/sass-embedded-win32-ia32": {
      "version": "1.79.5",
      "resolved": "https://registry.npmjs.org/sass-embedded-win32-ia32/-/sass-embedded-win32-ia32-1.79.5.tgz",
      "integrity": "sha512-1YX4TVw6j3eqxRyPK3t45V5WSyAzql6EgKIEtjPQ0+ByRyqLRuHXlotHPX6KOcc0rA3LMUHmdskN1o08sRIDhA==",
      "cpu": [
        "ia32"
      ],
      "dev": true,
      "optional": true,
      "os": [
        "win32"
      ],
      "engines": {
        "node": ">=14.0.0"
      }
    },
    "node_modules/sass-embedded-win32-x64": {
      "version": "1.79.5",
      "resolved": "https://registry.npmjs.org/sass-embedded-win32-x64/-/sass-embedded-win32-x64-1.79.5.tgz",
      "integrity": "sha512-8Tj9hBpOd6e+j23uTDecFb1ezQhvjQ+jvgKdVg9VlvwKUWmEStnHKA0x1uIQTThIM3dLCsYe63b/wX43gP8tBA==",
      "cpu": [
        "x64"
      ],
      "dev": true,
      "optional": true,
      "os": [
        "win32"
      ],
      "engines": {
        "node": ">=14.0.0"
      }
    },
    "node_modules/scheduler": {
      "version": "0.23.2",
      "resolved": "https://registry.npmjs.org/scheduler/-/scheduler-0.23.2.tgz",
      "integrity": "sha512-UOShsPwz7NrMUqhR6t0hWjFduvOzbtv7toDH1/hIrfRNIDBnnBWd0CwJTGvTpngVlmwGCdP9/Zl/tVrDqcuYzQ==",
      "peer": true,
      "dependencies": {
        "loose-envify": "^1.1.0"
      }
    },
    "node_modules/supercluster": {
      "version": "8.0.1",
      "resolved": "https://registry.npmjs.org/supercluster/-/supercluster-8.0.1.tgz",
      "integrity": "sha512-IiOea5kJ9iqzD2t7QJq/cREyLHTtSmUT6gQsweojg9WH2sYJqZK9SswTu6jrscO6D1G5v5vYZ9ru/eq85lXeZQ==",
      "dependencies": {
        "kdbush": "^4.0.2"
      }
    },
    "node_modules/supports-color": {
      "version": "8.1.1",
      "resolved": "https://registry.npmjs.org/supports-color/-/supports-color-8.1.1.tgz",
      "integrity": "sha512-MpUEN2OodtUzxvKQl72cUF7RQ5EiHsGvSsVG0ia9c5RbWGL2CI4C7EpPS8UTBIplnlzZiNuV56w+FuNxy3ty2Q==",
      "dev": true,
      "dependencies": {
        "has-flag": "^4.0.0"
      },
      "engines": {
        "node": ">=10"
      },
      "funding": {
        "url": "https://github.com/chalk/supports-color?sponsor=1"
      }
    },
    "node_modules/tslib": {
      "version": "2.7.0",
      "resolved": "https://registry.npmjs.org/tslib/-/tslib-2.7.0.tgz",
      "integrity": "sha512-gLXCKdN1/j47AiHiOkJN69hJmcbGTHI0ImLmbYLHykhgeN0jVGola9yVjFgzCUklsZQMW55o+dW7IXv3RCXDzA==",
      "dev": true
    },
    "node_modules/varint": {
      "version": "6.0.0",
      "resolved": "https://registry.npmjs.org/varint/-/varint-6.0.0.tgz",
      "integrity": "sha512-cXEIW6cfr15lFv563k4GuVuW/fiwjknytD37jIOLSdSWuOI6WnO/oKwmP2FQTU2l01LP8/M5TSAJpzUaGe3uWg==",
      "dev": true
    }
  }
}
